
Microsoft Visual Studio Solution File, Format Version 12.00
# Visual Studio Version 16
VisualStudioVersion = 16.0.31702.278
MinimumVisualStudioVersion = 10.0.40219.1
Project("{9A19103F-16F7-4668-BE54-9A1E7A4F7556}") = "SampleCRM.API", "SampleCRM.API\SampleCRM.API.csproj", "{BF180538-794B-45E8-BEDC-DD6B456EED79}"
EndProject
Project("{9A19103F-16F7-4668-BE54-9A1E7A4F7556}") = "SampleCRM.Data", "SampleCRM.Data\SampleCRM.Data.csproj", "{3D434758-E034-445E-94E8-2212546650DD}"
EndProject
Project("{9A19103F-16F7-4668-BE54-9A1E7A4F7556}") = "SimpleCRM.API.Tests", "SimpleCRM.API.Tests\SimpleCRM.API.Tests.csproj", "{5619FA3D-F75C-4E1E-B48A-1BE035F6A416}"
EndProject
Project("{9A19103F-16F7-4668-BE54-9A1E7A4F7556}") = "SampleCRM.Helpers", "SampleCRM.Helpers\SampleCRM.Helpers.csproj", "{463F9F31-3A22-45B0-B846-8C9E22BB0BA9}"
EndProject
Project("{9A19103F-16F7-4668-BE54-9A1E7A4F7556}") = "SampleCRM.Entities", "SampleCRM.Entities\SampleCRM.Entities.csproj", "{2DA599B8-5C6F-4F02-9251-05D4EF4CA2C4}"
EndProject
Project("{FAE04EC0-301F-11D3-BF4B-00C04F79EFBC}") = "SampleCRM.DTOs", "SampleCRM.DTOs\SampleCRM.DTOs.csproj", "{9CBE3973-B7C9-43A0-AF59-FB1333CC3ACA}"
EndProject
Global
	GlobalSection(SolutionConfigurationPlatforms) = preSolution
		Debug|Any CPU = Debug|Any CPU
		Release|Any CPU = Release|Any CPU
	EndGlobalSection
	GlobalSection(ProjectConfigurationPlatforms) = postSolution
		{BF180538-794B-45E8-BEDC-DD6B456EED79}.Debug|Any CPU.ActiveCfg = Debug|Any CPU
		{BF180538-794B-45E8-BEDC-DD6B456EED79}.Debug|Any CPU.Build.0 = Debug|Any CPU
		{BF180538-794B-45E8-BEDC-DD6B456EED79}.Release|Any CPU.ActiveCfg = Release|Any CPU
		{BF180538-794B-45E8-BEDC-DD6B456EED79}.Release|Any CPU.Build.0 = Release|Any CPU
		{3D434758-E034-445E-94E8-2212546650DD}.Debug|Any CPU.ActiveCfg = Debug|Any CPU
		{3D434758-E034-445E-94E8-2212546650DD}.Debug|Any CPU.Build.0 = Debug|Any CPU
		{3D434758-E034-445E-94E8-2212546650DD}.Release|Any CPU.ActiveCfg = Release|Any CPU
		{3D434758-E034-445E-94E8-2212546650DD}.Release|Any CPU.Build.0 = Release|Any CPU
		{5619FA3D-F75C-4E1E-B48A-1BE035F6A416}.Debug|Any CPU.ActiveCfg = Debug|Any CPU
		{5619FA3D-F75C-4E1E-B48A-1BE035F6A416}.Debug|Any CPU.Build.0 = Debug|Any CPU
		{5619FA3D-F75C-4E1E-B48A-1BE035F6A416}.Release|Any CPU.ActiveCfg = Release|Any CPU
		{5619FA3D-F75C-4E1E-B48A-1BE035F6A416}.Release|Any CPU.Build.0 = Release|Any CPU
		{463F9F31-3A22-45B0-B846-8C9E22BB0BA9}.Debug|Any CPU.ActiveCfg = Debug|Any CPU
		{463F9F31-3A22-45B0-B846-8C9E22BB0BA9}.Debug|Any CPU.Build.0 = Debug|Any CPU
		{463F9F31-3A22-45B0-B846-8C9E22BB0BA9}.Release|Any CPU.ActiveCfg = Release|Any CPU
		{463F9F31-3A22-45B0-B846-8C9E22BB0BA9}.Release|Any CPU.Build.0 = Release|Any CPU
		{2DA599B8-5C6F-4F02-9251-05D4EF4CA2C4}.Debug|Any CPU.ActiveCfg = Debug|Any CPU
		{2DA599B8-5C6F-4F02-9251-05D4EF4CA2C4}.Debug|Any CPU.Build.0 = Debug|Any CPU
		{2DA599B8-5C6F-4F02-9251-05D4EF4CA2C4}.Release|Any CPU.ActiveCfg = Release|Any CPU
		{2DA599B8-5C6F-4F02-9251-05D4EF4CA2C4}.Release|Any CPU.Build.0 = Release|Any CPU
		{9CBE3973-B7C9-43A0-AF59-FB1333CC3ACA}.Debug|Any CPU.ActiveCfg = Debug|Any CPU
		{9CBE3973-B7C9-43A0-AF59-FB1333CC3ACA}.Debug|Any CPU.Build.0 = Debug|Any CPU
		{9CBE3973-B7C9-43A0-AF59-FB1333CC3ACA}.Release|Any CPU.ActiveCfg = Release|Any CPU
		{9CBE3973-B7C9-43A0-AF59-FB1333CC3ACA}.Release|Any CPU.Build.0 = Release|Any CPU
	EndGlobalSection
	GlobalSection(SolutionProperties) = preSolution
		HideSolutionNode = FALSE
	EndGlobalSection
	GlobalSection(ExtensibilityGlobals) = postSolution
		SolutionGuid = {B84AAB94-B29E-4947-A9F0-AE05EF4838D3}
	EndGlobalSection
EndGlobal
